{
  "nodes": {
    "home-manager": {
      "inputs": {
        "nixpkgs": "nixpkgs"
      },
      "locked": {
        "lastModified": 1609269962,
        "narHash": "sha256-YvkJhcBBls39JFZzh/S3oRKyDFAgy2KoW5AzJ+MvNgQ=",
        "owner": "nix-community",
        "repo": "home-manager",
        "rev": "8e0c1c55fbb7f16f9fd313275ddf63c97b34394c",
        "type": "github"
      },
      "original": {
        "owner": "nix-community",
        "repo": "home-manager",
        "type": "github"
      }
    },
    "nixpkgs": {
      "locked": {
        "lastModified": 1609310955,
        "narHash": "sha256-fe6ntYwWKk6NoT6ntis5Mqg+PnEMePD79dtl3BqWddI=",
        "owner": "NixOS",
        "repo": "nixpkgs",
        "rev": "f6188ca545660da0aa722e7a50c1a3952da0a5ef",
        "type": "github"
      },
      "original": {
        "id": "nixpkgs",
        "type": "indirect"
      }
    },
    "nixpkgs_2": {
      "locked": {
        "lastModified": 1609254719,
        "narHash": "sha256-XB3391z8r81Bt8NfQzB+tYdTWoraY0QVdXM21JhfW+Y=",
        "owner": "NixOS",
        "repo": "nixpkgs",
        "rev": "733e537a8ad76fd355b6f501127f7d0eb8861775",
        "type": "github"
      },
      "original": {
        "owner": "NixOS",
        "ref": "nixos-unstable",
        "repo": "nixpkgs",
        "type": "github"
      }
    },
    "root": {
      "inputs": {
        "home-manager": "home-manager",
        "nixpkgs": "nixpkgs_2"
      }
    }
  },
  "root": "root",
  "version": 7
}
