{
  "nodes": {
    "NUR": {
      "locked": {
        "lastModified": 1611097351,
        "narHash": "sha256-OC1JBZ1T6uPxDOBQYxFv5WejvtXEbVGMdiTko+43H8E=",
        "owner": "nix-community",
        "repo": "NUR",
        "rev": "f0ceb02d6abc4fec817b4b24cca61ed578140fa9",
        "type": "github"
      },
      "original": {
        "owner": "nix-community",
        "repo": "NUR",
        "type": "github"
      }
    },
    "berberman": {
      "inputs": {
        "flake-utils": "flake-utils",
        "nixpkgs": "nixpkgs"
      },
      "locked": {
        "lastModified": 1610949770,
        "narHash": "sha256-/3pdhHZ6sAKOkWFKDuulGcZnRP9F/+81UlQKEvUIasY=",
        "owner": "berberman",
        "repo": "flakes",
        "rev": "539e1bfc4942459645173f3862ddb6a727c6a367",
        "type": "github"
      },
      "original": {
        "owner": "berberman",
        "repo": "flakes",
        "type": "github"
      }
    },
    "flake-utils": {
      "locked": {
        "lastModified": 1609246779,
        "narHash": "sha256-eq6ZXE/VWo3EMC65jmIT6H/rrUc9UWOWVujkzav025k=",
        "owner": "numtide",
        "repo": "flake-utils",
        "rev": "08c7ad4a0844adc4a7f9f5bb3beae482e789afa4",
        "type": "github"
      },
      "original": {
        "owner": "numtide",
        "repo": "flake-utils",
        "type": "github"
      }
    },
    "flake-utils_2": {
      "locked": {
        "lastModified": 1607173379,
        "narHash": "sha256-wKwwwbdvYtm0bY6PaeCWO3k0+Bg+VohC56Vn7Z9ZX/U=",
        "owner": "poscat0x04",
        "repo": "flake-utils",
        "rev": "1841839284bd33948154ccdf73f8712a01bfab64",
        "type": "github"
      },
      "original": {
        "owner": "poscat0x04",
        "repo": "flake-utils",
        "type": "github"
      }
    },
    "home-manager": {
      "inputs": {
        "nixpkgs": "nixpkgs_2"
      },
      "locked": {
        "lastModified": 1611081391,
        "narHash": "sha256-qWkBVbZ8lx9ssoLMjqjVF+LXuxoLrVmCRoPPKdLQ68s=",
        "owner": "nix-community",
        "repo": "home-manager",
        "rev": "3fe2a57b95333659e2ecdeeca3f4009bcf3b30cf",
        "type": "github"
      },
      "original": {
        "owner": "nix-community",
        "repo": "home-manager",
        "type": "github"
      }
    },
    "nixpkgs": {
      "locked": {
        "lastModified": 1610842533,
        "narHash": "sha256-6hW8CML8RnNrRJMv7E56rXAhsCNgUM97HIVSqWxnO64=",
        "owner": "NixOS",
        "repo": "nixpkgs",
        "rev": "68398d2dd50efc2d878bf0f83bbc8bc323b6b0e0",
        "type": "github"
      },
      "original": {
        "owner": "NixOS",
        "ref": "nixos-unstable",
        "repo": "nixpkgs",
        "type": "github"
      }
    },
    "nixpkgs_2": {
      "locked": {
        "lastModified": 1611118336,
        "narHash": "sha256-CeRna17M6vtyIck9cRKJuOTSH0NJg+usbUcVKeSCO7E=",
        "owner": "NixOS",
        "repo": "nixpkgs",
        "rev": "a884b2182243cb2ec998e638c98ddfac58c2f812",
        "type": "github"
      },
      "original": {
        "id": "nixpkgs",
        "type": "indirect"
      }
    },
    "nixpkgs_3": {
      "locked": {
        "lastModified": 1610842533,
        "narHash": "sha256-6hW8CML8RnNrRJMv7E56rXAhsCNgUM97HIVSqWxnO64=",
        "owner": "NixOS",
        "repo": "nixpkgs",
        "rev": "68398d2dd50efc2d878bf0f83bbc8bc323b6b0e0",
        "type": "github"
      },
      "original": {
        "owner": "NixOS",
        "ref": "nixos-unstable",
        "repo": "nixpkgs",
        "type": "github"
      }
    },
    "nixpkgs_4": {
      "locked": {
        "lastModified": 1610842533,
        "narHash": "sha256-6hW8CML8RnNrRJMv7E56rXAhsCNgUM97HIVSqWxnO64=",
        "owner": "NixOS",
        "repo": "nixpkgs",
        "rev": "68398d2dd50efc2d878bf0f83bbc8bc323b6b0e0",
        "type": "github"
      },
      "original": {
        "owner": "NixOS",
        "ref": "nixos-unstable",
        "repo": "nixpkgs",
        "type": "github"
      }
    },
    "poscat": {
      "inputs": {
        "NUR": "NUR",
        "flake-utils": "flake-utils_2",
        "nixpkgs": "nixpkgs_4"
      },
      "locked": {
        "lastModified": 1611122476,
        "narHash": "sha256-TzGjV7IbflafOcnj79LlcID9hHB/Qd9G9BLCIkgnSeM=",
        "owner": "poscat0x04",
        "repo": "nix-repo",
        "rev": "79e6f2ab18e551d27d5f0633532f4bd0ec2c9b36",
        "type": "github"
      },
      "original": {
        "owner": "poscat0x04",
        "repo": "nix-repo",
        "type": "github"
      }
    },
    "root": {
      "inputs": {
        "berberman": "berberman",
        "home-manager": "home-manager",
        "nixpkgs": "nixpkgs_3",
        "poscat": "poscat"
      }
    }
  },
  "root": "root",
  "version": 7
}
