{
  "nodes": {
    "berberman": {
      "inputs": {
        "nixpkgs": [
          "nixpkgs"
        ],
        "nvfetcher": "nvfetcher"
      },
      "locked": {
        "lastModified": 1642965763,
        "narHash": "sha256-7Soz4JM7HgidndsFpeeQx/xepzIUh90vq0RoFv7JAB0=",
        "owner": "berberman",
        "repo": "flakes",
        "rev": "056aebf7ae0a0c684e283feed985bbf171b3ac55",
        "type": "github"
      },
      "original": {
        "owner": "berberman",
        "repo": "flakes",
        "type": "github"
      }
    },
    "emacs": {
      "locked": {
        "lastModified": 1643079680,
        "narHash": "sha256-2dS8LLdMgM+M9t3CEy4ehMo3bPH1coxSVfCuGlj1mms=",
        "owner": "nix-community",
        "repo": "emacs-overlay",
        "rev": "cae9afd0e907be25c65a7ad109815e9df839dd79",
        "type": "github"
      },
      "original": {
        "owner": "nix-community",
        "repo": "emacs-overlay",
        "type": "github"
      }
    },
    "flake-compat": {
      "flake": false,
      "locked": {
        "lastModified": 1627913399,
        "narHash": "sha256-hY8g6H2KFL8ownSiFeMOjwPC8P0ueXpCVEbxgda3pko=",
        "owner": "edolstra",
        "repo": "flake-compat",
        "rev": "12c64ca55c1014cdc1b16ed5a804aa8576601ff2",
        "type": "github"
      },
      "original": {
        "owner": "edolstra",
        "repo": "flake-compat",
        "type": "github"
      }
    },
    "flake-utils": {
      "locked": {
        "lastModified": 1638122382,
        "narHash": "sha256-sQzZzAbvKEqN9s0bzWuYmRaA03v40gaJ4+iL1LXjaeI=",
        "owner": "numtide",
        "repo": "flake-utils",
        "rev": "74f7e4319258e287b0f9cb95426c9853b282730b",
        "type": "github"
      },
      "original": {
        "owner": "numtide",
        "repo": "flake-utils",
        "type": "github"
      }
    },
    "home-manager": {
      "inputs": {
        "nixpkgs": [
          "nixpkgs"
        ]
      },
      "locked": {
        "lastModified": 1643066491,
        "narHash": "sha256-wIgqFCJ6v7COpgNY0lMHDnU9RP2dJgasa2jKkB0zhWw=",
        "owner": "nix-community",
        "repo": "home-manager",
        "rev": "462d4a7abdfb8cb762584745a480ad01c207570e",
        "type": "github"
      },
      "original": {
        "owner": "nix-community",
        "repo": "home-manager",
        "type": "github"
      }
    },
    "nixpkgs": {
      "locked": {
        "lastModified": 1642903813,
        "narHash": "sha256-0lNfGW8sNfyTrixoQhVG00Drl/ECaf5GbfKAQ1ZDoyE=",
        "owner": "NixOS",
        "repo": "nixpkgs",
        "rev": "689b76bcf36055afdeb2e9852f5ecdd2bf483f87",
        "type": "github"
      },
      "original": {
        "owner": "NixOS",
        "ref": "nixos-unstable",
        "repo": "nixpkgs",
        "type": "github"
      }
    },
    "nixpkgs_2": {
      "locked": {
        "lastModified": 1642903813,
        "narHash": "sha256-0lNfGW8sNfyTrixoQhVG00Drl/ECaf5GbfKAQ1ZDoyE=",
        "owner": "NixOS",
        "repo": "nixpkgs",
        "rev": "689b76bcf36055afdeb2e9852f5ecdd2bf483f87",
        "type": "github"
      },
      "original": {
        "owner": "NixOS",
        "ref": "nixos-unstable",
        "repo": "nixpkgs",
        "type": "github"
      }
    },
    "nvfetcher": {
      "inputs": {
        "flake-compat": "flake-compat",
        "flake-utils": "flake-utils",
        "nixpkgs": "nixpkgs"
      },
      "locked": {
        "lastModified": 1642903446,
        "narHash": "sha256-9G1V0NYpQZgr4chuS/L3p94M06B+sUQBAIbi3l4mCIo=",
        "owner": "berberman",
        "repo": "nvfetcher",
        "rev": "58d296aafd6e3e979b6bed56f08d286a416e7718",
        "type": "github"
      },
      "original": {
        "owner": "berberman",
        "repo": "nvfetcher",
        "type": "github"
      }
    },
    "root": {
      "inputs": {
        "berberman": "berberman",
        "emacs": "emacs",
        "home-manager": "home-manager",
        "nixpkgs": "nixpkgs_2"
      }
    }
  },
  "root": "root",
  "version": 7
}
